<?xml version="1.0" encoding="utf-8"?>
<Project ToolsVersion="4.0" xmlns="http://schemas.microsoft.com/developer/msbuild/2003">
  <ItemGroup>
    <Filter Include="소스 파일">
      <UniqueIdentifier>{4FC737F1-C7A5-4376-A066-2A32D752A2FF}</UniqueIdentifier>
      <Extensions>cpp;c;cc;cxx;def;odl;idl;hpj;bat;asm;asmx</Extensions>
    </Filter>
    <Filter Include="헤더 파일">
      <UniqueIdentifier>{93995380-89BD-4b04-88EB-625FBE52EBFB}</UniqueIdentifier>
      <Extensions>h;hh;hpp;hxx;hm;inl;inc;ipp;xsd</Extensions>
    </Filter>
    <Filter Include="리소스 파일">
      <UniqueIdentifier>{67DA6AB6-F800-4c08-8B7A-83BB121AAD01}</UniqueIdentifier>
      <Extensions>rc;ico;cur;bmp;dlg;rc2;rct;bin;rgs;gif;jpg;jpeg;jpe;resx;tiff;tif;png;wav;mfcribbon-ms</Extensions>
    </Filter>
    <Filter Include="소스 파일\in-side">
      <UniqueIdentifier>{33513448-3da2-4d86-8d9d-a5bcf8c23959}</UniqueIdentifier>
    </Filter>
    <Filter Include="소스 파일\in-side\in-in-side">
      <UniqueIdentifier>{78b3564a-1692-4488-a0e5-ffe977bf6b70}</UniqueIdentifier>
    </Filter>
    <Filter Include="소스 파일\nil-side">
      <UniqueIdentifier>{1fba60f9-80f7-4062-b333-227bf2b478d5}</UniqueIdentifier>
    </Filter>
  </ItemGroup>
  <ItemGroup>
    <ClCompile Include="GameScene.cpp">
      <Filter>소스 파일</Filter>
    </ClCompile>
    <ClCompile Include="Object3d.cpp">
      <Filter>소스 파일</Filter>
    </ClCompile>
    <ClCompile Include="ObjectGlutModel.cpp">
      <Filter>소스 파일</Filter>
    </ClCompile>
    <ClCompile Include="App.cpp">
      <Filter>소스 파일\in-side</Filter>
    </ClCompile>
    <ClCompile Include="main.cpp">
      <Filter>소스 파일\in-side</Filter>
    </ClCompile>
    <ClCompile Include="Matrix3d.cpp">
      <Filter>소스 파일\in-side\in-in-side</Filter>
    </ClCompile>
    <ClCompile Include="Vector3.cpp">
      <Filter>소스 파일\in-side\in-in-side</Filter>
    </ClCompile>
    <ClCompile Include="Object.cpp">
      <Filter>소스 파일\nil-side</Filter>
    </ClCompile>
    <ClCompile Include="Scene.cpp">
      <Filter>소스 파일\nil-side</Filter>
    </ClCompile>
  </ItemGroup>
  <ItemGroup>
    <ClInclude Include="GameScene.h">
      <Filter>헤더 파일</Filter>
    </ClInclude>
    <ClInclude Include="Object3d.h">
      <Filter>헤더 파일</Filter>
    </ClInclude>
    <ClInclude Include="ObjectGlutModel.h">
      <Filter>헤더 파일</Filter>
    </ClInclude>
    <ClInclude Include="App.h">
      <Filter>소스 파일\in-side</Filter>
    </ClInclude>
    <ClInclude Include="Vector3.h">
      <Filter>소스 파일\in-side\in-in-side</Filter>
    </ClInclude>
    <ClInclude Include="Matrix3d.h">
      <Filter>소스 파일\in-side\in-in-side</Filter>
    </ClInclude>
    <ClInclude Include="Object.h">
      <Filter>소스 파일\nil-side</Filter>
    </ClInclude>
    <ClInclude Include="Scene.h">
      <Filter>소스 파일\nil-side</Filter>
    </ClInclude>
  </ItemGroup>
</Project>